
Microsoft Visual Studio Solution File, Format Version 12.00
# Visual Studio Version 16
VisualStudioVersion = 16.0.33130.400
MinimumVisualStudioVersion = 10.0.40219.1
Project("{FAE04EC0-301F-11D3-BF4B-00C04F79EFBC}") = "TeamCityDemo", "TeamCityDemo\TeamCityDemo.csproj", "{C0393842-CBAB-4228-BA5B-E95998E1BF32}"
EndProject
Global
	GlobalSection(SolutionConfigurationPlatforms) = preSolution
		Debug|Any CPU = Debug|Any CPU
		Release|Any CPU = Release|Any CPU
	EndGlobalSection
	GlobalSection(ProjectConfigurationPlatforms) = postSolution
		{C0393842-CBAB-4228-BA5B-E95998E1BF32}.Debug|Any CPU.ActiveCfg = Debug|Any CPU
		{C0393842-CBAB-4228-BA5B-E95998E1BF32}.Debug|Any CPU.Build.0 = Debug|Any CPU
		{C0393842-CBAB-4228-BA5B-E95998E1BF32}.Release|Any CPU.ActiveCfg = Release|Any CPU
		{C0393842-CBAB-4228-BA5B-E95998E1BF32}.Release|Any CPU.Build.0 = Release|Any CPU
	EndGlobalSection
	GlobalSection(SolutionProperties) = preSolution
		HideSolutionNode = FALSE
	EndGlobalSection
	GlobalSection(ExtensibilityGlobals) = postSolution
		SolutionGuid = {7FE21DB0-7FD6-4867-9D39-2763A47557B1}
	EndGlobalSection
EndGlobal
